// !$*UTF8*$!
{
	archiveVersion = 1;
	classes = {
	};
	objectVersion = 56;
	objects = {

/* Begin PBXBuildFile section */
		C90A1EB42C0DBE400053C134 /* CatChallengeApp.swift in Sources */ = {isa = PBXBuildFile; fileRef = C90A1EB32C0DBE400053C134 /* CatChallengeApp.swift */; };
		C90A1EB62C0DBE400053C134 /* ContentView.swift in Sources */ = {isa = PBXBuildFile; fileRef = C90A1EB52C0DBE400053C134 /* ContentView.swift */; };
		C90A1EB82C0DBE420053C134 /* Assets.xcassets in Resources */ = {isa = PBXBuildFile; fileRef = C90A1EB72C0DBE420053C134 /* Assets.xcassets */; };
		C90A1EBB2C0DBE420053C134 /* Preview Assets.xcassets in Resources */ = {isa = PBXBuildFile; fileRef = C90A1EBA2C0DBE420053C134 /* Preview Assets.xcassets */; };
		C90A1ECF2C0DBE430053C134 /* CatChallengeUITests.swift in Sources */ = {isa = PBXBuildFile; fileRef = C90A1ECE2C0DBE430053C134 /* CatChallengeUITests.swift */; };
		C90A1ED12C0DBE430053C134 /* CatChallengeUITestsLaunchTests.swift in Sources */ = {isa = PBXBuildFile; fileRef = C90A1ED02C0DBE430053C134 /* CatChallengeUITestsLaunchTests.swift */; };
		C92A9CCA2C0DC2F000375326 /* Cat.swift in Sources */ = {isa = PBXBuildFile; fileRef = C92A9CC92C0DC2F000375326 /* Cat.swift */; };
		C92A9CCD2C0DC85200375326 /* NetworkService.swift in Sources */ = {isa = PBXBuildFile; fileRef = C92A9CCC2C0DC85200375326 /* NetworkService.swift */; };
		C92A9CCF2C0DCB3200375326 /* Endpoints.swift in Sources */ = {isa = PBXBuildFile; fileRef = C92A9CCE2C0DCB3200375326 /* Endpoints.swift */; };
		C92A9CD12C0DCE1300375326 /* CustomError.swift in Sources */ = {isa = PBXBuildFile; fileRef = C92A9CD02C0DCE1300375326 /* CustomError.swift */; };
		C92A9CD52C0DD08800375326 /* CatsViewModel.swift in Sources */ = {isa = PBXBuildFile; fileRef = C92A9CD42C0DD08800375326 /* CatsViewModel.swift */; };
		C92A9CD72C0DD35A00375326 /* CatListView.swift in Sources */ = {isa = PBXBuildFile; fileRef = C92A9CD62C0DD35A00375326 /* CatListView.swift */; };
		C92A9CD92C0DD5F200375326 /* Constants.swift in Sources */ = {isa = PBXBuildFile; fileRef = C92A9CD82C0DD5F200375326 /* Constants.swift */; };
		C92A9CDB2C0DD6A700375326 /* CatView.swift in Sources */ = {isa = PBXBuildFile; fileRef = C92A9CDA2C0DD6A700375326 /* CatView.swift */; };
		C92A9CDD2C0DD73700375326 /* CatDetailsView.swift in Sources */ = {isa = PBXBuildFile; fileRef = C92A9CDC2C0DD73700375326 /* CatDetailsView.swift */; };
		C92A9CDF2C0E01FB00375326 /* LocalizableKeys.swift in Sources */ = {isa = PBXBuildFile; fileRef = C92A9CDE2C0E01FB00375326 /* LocalizableKeys.swift */; };
		C92A9CE12C0E021E00375326 /* String+Extension.swift in Sources */ = {isa = PBXBuildFile; fileRef = C92A9CE02C0E021E00375326 /* String+Extension.swift */; };
		C92A9CE42C0E036800375326 /* Localizable.strings in Resources */ = {isa = PBXBuildFile; fileRef = C92A9CE62C0E036800375326 /* Localizable.strings */; };
		C93116932C107B8C003FC0DD /* Mockable.swift in Sources */ = {isa = PBXBuildFile; fileRef = C93116922C107B8C003FC0DD /* Mockable.swift */; };
		C93116972C10851C003FC0DD /* CatsViewModelTests.swift in Sources */ = {isa = PBXBuildFile; fileRef = C93116962C10851C003FC0DD /* CatsViewModelTests.swift */; };
		C93116992C10ADE0003FC0DD /* MockURLProtocol.swift in Sources */ = {isa = PBXBuildFile; fileRef = C93116982C10ADE0003FC0DD /* MockURLProtocol.swift */; };
		C931169B2C10C19D003FC0DD /* JSONMockCats.swift in Sources */ = {isa = PBXBuildFile; fileRef = C931169A2C10C19D003FC0DD /* JSONMockCats.swift */; };
		C931169D2C10CB22003FC0DD /* JSONMockCatsDecodeError.swift in Sources */ = {isa = PBXBuildFile; fileRef = C931169C2C10CB22003FC0DD /* JSONMockCatsDecodeError.swift */; };
		C931A3782C0F6CBB00F1A761 /* FavouriteButton.swift in Sources */ = {isa = PBXBuildFile; fileRef = C931A3772C0F6CBB00F1A761 /* FavouriteButton.swift */; };
		C931A37A2C0F71EB00F1A761 /* CatImage.swift in Sources */ = {isa = PBXBuildFile; fileRef = C931A3792C0F71EB00F1A761 /* CatImage.swift */; };
		C931A37C2C0F7A4400F1A761 /* NetworkServiceTests.swift in Sources */ = {isa = PBXBuildFile; fileRef = C931A37B2C0F7A4400F1A761 /* NetworkServiceTests.swift */; };
		C931A37F2C0F7B5400F1A761 /* MockNetworkService.swift in Sources */ = {isa = PBXBuildFile; fileRef = C931A37E2C0F7B5400F1A761 /* MockNetworkService.swift */; };
		C94DD2B52C0F1FCD00CDABC0 /* FavouriteCatsList.swift in Sources */ = {isa = PBXBuildFile; fileRef = C94DD2B42C0F1FCD00CDABC0 /* FavouriteCatsList.swift */; };
		C94DD2B92C0F29AC00CDABC0 /* DataPersistenceController.swift in Sources */ = {isa = PBXBuildFile; fileRef = C94DD2B82C0F29AC00CDABC0 /* DataPersistenceController.swift */; };
		C94DD2C22C0F2B2300CDABC0 /* FavouriteCatsData.xcdatamodeld in Sources */ = {isa = PBXBuildFile; fileRef = C94DD2C02C0F2B2300CDABC0 /* FavouriteCatsData.xcdatamodeld */; };
/* End PBXBuildFile section */

/* Begin PBXContainerItemProxy section */
		C90A1EC12C0DBE420053C134 /* PBXContainerItemProxy */ = {
			isa = PBXContainerItemProxy;
			containerPortal = C90A1EA82C0DBE400053C134 /* Project object */;
			proxyType = 1;
			remoteGlobalIDString = C90A1EAF2C0DBE400053C134;
			remoteInfo = CatChallenge;
		};
		C90A1ECB2C0DBE430053C134 /* PBXContainerItemProxy */ = {
			isa = PBXContainerItemProxy;
			containerPortal = C90A1EA82C0DBE400053C134 /* Project object */;
			proxyType = 1;
			remoteGlobalIDString = C90A1EAF2C0DBE400053C134;
			remoteInfo = CatChallenge;
		};
/* End PBXContainerItemProxy section */

/* Begin PBXFileReference section */
		C90A1EB02C0DBE400053C134 /* CatChallenge.app */ = {isa = PBXFileReference; explicitFileType = wrapper.application; includeInIndex = 0; path = CatChallenge.app; sourceTree = BUILT_PRODUCTS_DIR; };
		C90A1EB32C0DBE400053C134 /* CatChallengeApp.swift */ = {isa = PBXFileReference; lastKnownFileType = sourcecode.swift; path = CatChallengeApp.swift; sourceTree = "<group>"; };
		C90A1EB52C0DBE400053C134 /* ContentView.swift */ = {isa = PBXFileReference; lastKnownFileType = sourcecode.swift; path = ContentView.swift; sourceTree = "<group>"; };
		C90A1EB72C0DBE420053C134 /* Assets.xcassets */ = {isa = PBXFileReference; lastKnownFileType = folder.assetcatalog; path = Assets.xcassets; sourceTree = "<group>"; };
		C90A1EBA2C0DBE420053C134 /* Preview Assets.xcassets */ = {isa = PBXFileReference; lastKnownFileType = folder.assetcatalog; path = "Preview Assets.xcassets"; sourceTree = "<group>"; };
		C90A1EC02C0DBE420053C134 /* CatChallengeTests.xctest */ = {isa = PBXFileReference; explicitFileType = wrapper.cfbundle; includeInIndex = 0; path = CatChallengeTests.xctest; sourceTree = BUILT_PRODUCTS_DIR; };
		C90A1ECA2C0DBE430053C134 /* CatChallengeUITests.xctest */ = {isa = PBXFileReference; explicitFileType = wrapper.cfbundle; includeInIndex = 0; path = CatChallengeUITests.xctest; sourceTree = BUILT_PRODUCTS_DIR; };
		C90A1ECE2C0DBE430053C134 /* CatChallengeUITests.swift */ = {isa = PBXFileReference; lastKnownFileType = sourcecode.swift; path = CatChallengeUITests.swift; sourceTree = "<group>"; };
		C90A1ED02C0DBE430053C134 /* CatChallengeUITestsLaunchTests.swift */ = {isa = PBXFileReference; lastKnownFileType = sourcecode.swift; path = CatChallengeUITestsLaunchTests.swift; sourceTree = "<group>"; };
		C92A9CC92C0DC2F000375326 /* Cat.swift */ = {isa = PBXFileReference; lastKnownFileType = sourcecode.swift; path = Cat.swift; sourceTree = "<group>"; };
		C92A9CCC2C0DC85200375326 /* NetworkService.swift */ = {isa = PBXFileReference; lastKnownFileType = sourcecode.swift; path = NetworkService.swift; sourceTree = "<group>"; };
		C92A9CCE2C0DCB3200375326 /* Endpoints.swift */ = {isa = PBXFileReference; lastKnownFileType = sourcecode.swift; path = Endpoints.swift; sourceTree = "<group>"; };
		C92A9CD02C0DCE1300375326 /* CustomError.swift */ = {isa = PBXFileReference; lastKnownFileType = sourcecode.swift; path = CustomError.swift; sourceTree = "<group>"; };
		C92A9CD42C0DD08800375326 /* CatsViewModel.swift */ = {isa = PBXFileReference; lastKnownFileType = sourcecode.swift; path = CatsViewModel.swift; sourceTree = "<group>"; };
		C92A9CD62C0DD35A00375326 /* CatListView.swift */ = {isa = PBXFileReference; lastKnownFileType = sourcecode.swift; path = CatListView.swift; sourceTree = "<group>"; };
		C92A9CD82C0DD5F200375326 /* Constants.swift */ = {isa = PBXFileReference; lastKnownFileType = sourcecode.swift; path = Constants.swift; sourceTree = "<group>"; };
		C92A9CDA2C0DD6A700375326 /* CatView.swift */ = {isa = PBXFileReference; lastKnownFileType = sourcecode.swift; path = CatView.swift; sourceTree = "<group>"; };
		C92A9CDC2C0DD73700375326 /* CatDetailsView.swift */ = {isa = PBXFileReference; lastKnownFileType = sourcecode.swift; path = CatDetailsView.swift; sourceTree = "<group>"; };
		C92A9CDE2C0E01FB00375326 /* LocalizableKeys.swift */ = {isa = PBXFileReference; lastKnownFileType = sourcecode.swift; path = LocalizableKeys.swift; sourceTree = "<group>"; };
		C92A9CE02C0E021E00375326 /* String+Extension.swift */ = {isa = PBXFileReference; lastKnownFileType = sourcecode.swift; path = "String+Extension.swift"; sourceTree = "<group>"; };
		C92A9CE52C0E036800375326 /* en */ = {isa = PBXFileReference; lastKnownFileType = text.plist.strings; name = en; path = en.lproj/Localizable.strings; sourceTree = "<group>"; };
		C93116922C107B8C003FC0DD /* Mockable.swift */ = {isa = PBXFileReference; lastKnownFileType = sourcecode.swift; path = Mockable.swift; sourceTree = "<group>"; };
		C93116962C10851C003FC0DD /* CatsViewModelTests.swift */ = {isa = PBXFileReference; lastKnownFileType = sourcecode.swift; path = CatsViewModelTests.swift; sourceTree = "<group>"; };
		C93116982C10ADE0003FC0DD /* MockURLProtocol.swift */ = {isa = PBXFileReference; lastKnownFileType = sourcecode.swift; path = MockURLProtocol.swift; sourceTree = "<group>"; };
		C931169A2C10C19D003FC0DD /* JSONMockCats.swift */ = {isa = PBXFileReference; lastKnownFileType = sourcecode.swift; path = JSONMockCats.swift; sourceTree = "<group>"; };
		C931169C2C10CB22003FC0DD /* JSONMockCatsDecodeError.swift */ = {isa = PBXFileReference; lastKnownFileType = sourcecode.swift; path = JSONMockCatsDecodeError.swift; sourceTree = "<group>"; };
		C931A3772C0F6CBB00F1A761 /* FavouriteButton.swift */ = {isa = PBXFileReference; lastKnownFileType = sourcecode.swift; path = FavouriteButton.swift; sourceTree = "<group>"; };
		C931A3792C0F71EB00F1A761 /* CatImage.swift */ = {isa = PBXFileReference; lastKnownFileType = sourcecode.swift; path = CatImage.swift; sourceTree = "<group>"; };
		C931A37B2C0F7A4400F1A761 /* NetworkServiceTests.swift */ = {isa = PBXFileReference; lastKnownFileType = sourcecode.swift; path = NetworkServiceTests.swift; sourceTree = "<group>"; };
		C931A37E2C0F7B5400F1A761 /* MockNetworkService.swift */ = {isa = PBXFileReference; lastKnownFileType = sourcecode.swift; path = MockNetworkService.swift; sourceTree = "<group>"; };
		C94DD2B42C0F1FCD00CDABC0 /* FavouriteCatsList.swift */ = {isa = PBXFileReference; lastKnownFileType = sourcecode.swift; path = FavouriteCatsList.swift; sourceTree = "<group>"; };
		C94DD2B82C0F29AC00CDABC0 /* DataPersistenceController.swift */ = {isa = PBXFileReference; lastKnownFileType = sourcecode.swift; path = DataPersistenceController.swift; sourceTree = "<group>"; };
		C94DD2C12C0F2B2300CDABC0 /* FavouriteCatsData.xcdatamodel */ = {isa = PBXFileReference; lastKnownFileType = wrapper.xcdatamodel; path = FavouriteCatsData.xcdatamodel; sourceTree = "<group>"; };
/* End PBXFileReference section */

/* Begin PBXFrameworksBuildPhase section */
		C90A1EAD2C0DBE400053C134 /* Frameworks */ = {
			isa = PBXFrameworksBuildPhase;
			buildActionMask = 2147483647;
			files = (
			);
			runOnlyForDeploymentPostprocessing = 0;
		};
		C90A1EBD2C0DBE420053C134 /* Frameworks */ = {
			isa = PBXFrameworksBuildPhase;
			buildActionMask = 2147483647;
			files = (
			);
			runOnlyForDeploymentPostprocessing = 0;
		};
		C90A1EC72C0DBE430053C134 /* Frameworks */ = {
			isa = PBXFrameworksBuildPhase;
			buildActionMask = 2147483647;
			files = (
			);
			runOnlyForDeploymentPostprocessing = 0;
		};
/* End PBXFrameworksBuildPhase section */

/* Begin PBXGroup section */
		C90A1EA72C0DBE400053C134 = {
			isa = PBXGroup;
			children = (
				C90A1EB22C0DBE400053C134 /* CatChallenge */,
				C90A1EC32C0DBE420053C134 /* CatChallengeTests */,
				C90A1ECD2C0DBE430053C134 /* CatChallengeUITests */,
				C90A1EB12C0DBE400053C134 /* Products */,
			);
			sourceTree = "<group>";
		};
		C90A1EB12C0DBE400053C134 /* Products */ = {
			isa = PBXGroup;
			children = (
				C90A1EB02C0DBE400053C134 /* CatChallenge.app */,
				C90A1EC02C0DBE420053C134 /* CatChallengeTests.xctest */,
				C90A1ECA2C0DBE430053C134 /* CatChallengeUITests.xctest */,
			);
			name = Products;
			sourceTree = "<group>";
		};
		C90A1EB22C0DBE400053C134 /* CatChallenge */ = {
			isa = PBXGroup;
			children = (
				C90A1EDE2C0DBF630053C134 /* Base */,
				C90A1EE42C0DBFD10053C134 /* Feature */,
				C92A9CC22C0DC24800375326 /* Network */,
				C90A1EB32C0DBE400053C134 /* CatChallengeApp.swift */,
				C90A1EB52C0DBE400053C134 /* ContentView.swift */,
				C90A1EB72C0DBE420053C134 /* Assets.xcassets */,
				C90A1EB92C0DBE420053C134 /* Preview Content */,
			);
			path = CatChallenge;
			sourceTree = "<group>";
		};
		C90A1EB92C0DBE420053C134 /* Preview Content */ = {
			isa = PBXGroup;
			children = (
				C90A1EBA2C0DBE420053C134 /* Preview Assets.xcassets */,
			);
			path = "Preview Content";
			sourceTree = "<group>";
		};
		C90A1EC32C0DBE420053C134 /* CatChallengeTests */ = {
			isa = PBXGroup;
			children = (
				C931A37D2C0F7B3D00F1A761 /* Mocks */,
				C931A37B2C0F7A4400F1A761 /* NetworkServiceTests.swift */,
				C93116962C10851C003FC0DD /* CatsViewModelTests.swift */,
			);
			path = CatChallengeTests;
			sourceTree = "<group>";
		};
		C90A1ECD2C0DBE430053C134 /* CatChallengeUITests */ = {
			isa = PBXGroup;
			children = (
				C90A1ECE2C0DBE430053C134 /* CatChallengeUITests.swift */,
				C90A1ED02C0DBE430053C134 /* CatChallengeUITestsLaunchTests.swift */,
			);
			path = CatChallengeUITests;
			sourceTree = "<group>";
		};
		C90A1EDE2C0DBF630053C134 /* Base */ = {
			isa = PBXGroup;
			children = (
				C94DD2B72C0F291800CDABC0 /* CoreData */,
				C90A1EE22C0DBFAA0053C134 /* Localizables */,
				C90A1EE02C0DBF8B0053C134 /* Constants */,
				C90A1EE12C0DBFA20053C134 /* Extensions */,
				C90A1EE32C0DBFB20053C134 /* Errors */,
			);
			path = Base;
			sourceTree = "<group>";
		};
		C90A1EE02C0DBF8B0053C134 /* Constants */ = {
			isa = PBXGroup;
			children = (
				C92A9CD82C0DD5F200375326 /* Constants.swift */,
			);
			path = Constants;
			sourceTree = "<group>";
		};
		C90A1EE12C0DBFA20053C134 /* Extensions */ = {
			isa = PBXGroup;
			children = (
				C92A9CE02C0E021E00375326 /* String+Extension.swift */,
			);
			path = Extensions;
			sourceTree = "<group>";
		};
		C90A1EE22C0DBFAA0053C134 /* Localizables */ = {
			isa = PBXGroup;
			children = (
				C92A9CDE2C0E01FB00375326 /* LocalizableKeys.swift */,
				C92A9CE62C0E036800375326 /* Localizable.strings */,
			);
			path = Localizables;
			sourceTree = "<group>";
		};
		C90A1EE32C0DBFB20053C134 /* Errors */ = {
			isa = PBXGroup;
			children = (
				C92A9CD02C0DCE1300375326 /* CustomError.swift */,
			);
			path = Errors;
			sourceTree = "<group>";
		};
		C90A1EE42C0DBFD10053C134 /* Feature */ = {
			isa = PBXGroup;
			children = (
				C92A9CC52C0DC27E00375326 /* Model */,
				C92A9CC42C0DC27700375326 /* ViewModel */,
				C94DD2B32C0F1F3100CDABC0 /* Screens */,
			);
			path = Feature;
			sourceTree = "<group>";
		};
		C90A1EE52C0DC0120053C134 /* CatList */ = {
			isa = PBXGroup;
			children = (
				C92A9CD62C0DD35A00375326 /* CatListView.swift */,
				C92A9CC32C0DC26B00375326 /* CatView */,
			);
			path = CatList;
			sourceTree = "<group>";
		};
		C90A1EE62C0DC01A0053C134 /* CatDetails */ = {
			isa = PBXGroup;
			children = (
				C92A9CDC2C0DD73700375326 /* CatDetailsView.swift */,
			);
			path = CatDetails;
			sourceTree = "<group>";
		};
		C92A9CC22C0DC24800375326 /* Network */ = {
			isa = PBXGroup;
			children = (
				C92A9CCC2C0DC85200375326 /* NetworkService.swift */,
				C92A9CCE2C0DCB3200375326 /* Endpoints.swift */,
			);
			path = Network;
			sourceTree = "<group>";
		};
		C92A9CC32C0DC26B00375326 /* CatView */ = {
			isa = PBXGroup;
			children = (
				C92A9CDA2C0DD6A700375326 /* CatView.swift */,
			);
			path = CatView;
			sourceTree = "<group>";
		};
		C92A9CC42C0DC27700375326 /* ViewModel */ = {
			isa = PBXGroup;
			children = (
				C92A9CD42C0DD08800375326 /* CatsViewModel.swift */,
			);
			path = ViewModel;
			sourceTree = "<group>";
		};
		C92A9CC52C0DC27E00375326 /* Model */ = {
			isa = PBXGroup;
			children = (
				C92A9CC92C0DC2F000375326 /* Cat.swift */,
			);
			path = Model;
			sourceTree = "<group>";
		};
		C92A9CCB2C0DC3F100375326 /* FavouriteCats */ = {
			isa = PBXGroup;
			children = (
				C94DD2B42C0F1FCD00CDABC0 /* FavouriteCatsList.swift */,
			);
			path = FavouriteCats;
			sourceTree = "<group>";
		};
		C93116942C107CB5003FC0DD /* JSON */ = {
			isa = PBXGroup;
			children = (
				C931169A2C10C19D003FC0DD /* JSONMockCats.swift */,
				C931169C2C10CB22003FC0DD /* JSONMockCatsDecodeError.swift */,
			);
			path = JSON;
			sourceTree = "<group>";
		};
		C93116952C1084B0003FC0DD /* NetworkService */ = {
			isa = PBXGroup;
			children = (
				C931A37E2C0F7B5400F1A761 /* MockNetworkService.swift */,
				C93116982C10ADE0003FC0DD /* MockURLProtocol.swift */,
			);
			path = NetworkService;
			sourceTree = "<group>";
		};
		C931A3762C0F6C9300F1A761 /* Custom UI */ = {
			isa = PBXGroup;
			children = (
				C931A3792C0F71EB00F1A761 /* CatImage.swift */,
				C931A3772C0F6CBB00F1A761 /* FavouriteButton.swift */,
			);
			path = "Custom UI";
			sourceTree = "<group>";
		};
		C931A37D2C0F7B3D00F1A761 /* Mocks */ = {
			isa = PBXGroup;
			children = (
				C93116922C107B8C003FC0DD /* Mockable.swift */,
				C93116952C1084B0003FC0DD /* NetworkService */,
				C93116942C107CB5003FC0DD /* JSON */,
			);
			path = Mocks;
			sourceTree = "<group>";
		};
		C94DD2B32C0F1F3100CDABC0 /* Screens */ = {
			isa = PBXGroup;
			children = (
				C90A1EE52C0DC0120053C134 /* CatList */,
				C92A9CCB2C0DC3F100375326 /* FavouriteCats */,
				C90A1EE62C0DC01A0053C134 /* CatDetails */,
				C931A3762C0F6C9300F1A761 /* Custom UI */,
			);
			name = Screens;
			sourceTree = "<group>";
		};
		C94DD2B72C0F291800CDABC0 /* CoreData */ = {
			isa = PBXGroup;
			children = (
				C94DD2B82C0F29AC00CDABC0 /* DataPersistenceController.swift */,
				C94DD2C02C0F2B2300CDABC0 /* FavouriteCatsData.xcdatamodeld */,
			);
			path = CoreData;
			sourceTree = "<group>";
		};
/* End PBXGroup section */

/* Begin PBXNativeTarget section */
		C90A1EAF2C0DBE400053C134 /* CatChallenge */ = {
			isa = PBXNativeTarget;
			buildConfigurationList = C90A1ED42C0DBE430053C134 /* Build configuration list for PBXNativeTarget "CatChallenge" */;
			buildPhases = (
				C90A1EAC2C0DBE400053C134 /* Sources */,
				C90A1EAD2C0DBE400053C134 /* Frameworks */,
				C90A1EAE2C0DBE400053C134 /* Resources */,
			);
			buildRules = (
			);
			dependencies = (
			);
			name = CatChallenge;
			productName = CatChallenge;
			productReference = C90A1EB02C0DBE400053C134 /* CatChallenge.app */;
			productType = "com.apple.product-type.application";
		};
		C90A1EBF2C0DBE420053C134 /* CatChallengeTests */ = {
			isa = PBXNativeTarget;
			buildConfigurationList = C90A1ED72C0DBE430053C134 /* Build configuration list for PBXNativeTarget "CatChallengeTests" */;
			buildPhases = (
				C90A1EBC2C0DBE420053C134 /* Sources */,
				C90A1EBD2C0DBE420053C134 /* Frameworks */,
				C90A1EBE2C0DBE420053C134 /* Resources */,
			);
			buildRules = (
			);
			dependencies = (
				C90A1EC22C0DBE420053C134 /* PBXTargetDependency */,
			);
			name = CatChallengeTests;
			productName = CatChallengeTests;
			productReference = C90A1EC02C0DBE420053C134 /* CatChallengeTests.xctest */;
			productType = "com.apple.product-type.bundle.unit-test";
		};
		C90A1EC92C0DBE430053C134 /* CatChallengeUITests */ = {
			isa = PBXNativeTarget;
			buildConfigurationList = C90A1EDA2C0DBE430053C134 /* Build configuration list for PBXNativeTarget "CatChallengeUITests" */;
			buildPhases = (
				C90A1EC62C0DBE430053C134 /* Sources */,
				C90A1EC72C0DBE430053C134 /* Frameworks */,
				C90A1EC82C0DBE430053C134 /* Resources */,
			);
			buildRules = (
			);
			dependencies = (
				C90A1ECC2C0DBE430053C134 /* PBXTargetDependency */,
			);
			name = CatChallengeUITests;
			productName = CatChallengeUITests;
			productReference = C90A1ECA2C0DBE430053C134 /* CatChallengeUITests.xctest */;
			productType = "com.apple.product-type.bundle.ui-testing";
		};
/* End PBXNativeTarget section */

/* Begin PBXProject section */
		C90A1EA82C0DBE400053C134 /* Project object */ = {
			isa = PBXProject;
			attributes = {
				BuildIndependentTargetsInParallel = 1;
				LastSwiftUpdateCheck = 1400;
				LastUpgradeCheck = 1400;
				TargetAttributes = {
					C90A1EAF2C0DBE400053C134 = {
						CreatedOnToolsVersion = 14.0.1;
					};
					C90A1EBF2C0DBE420053C134 = {
						CreatedOnToolsVersion = 14.0.1;
						TestTargetID = C90A1EAF2C0DBE400053C134;
					};
					C90A1EC92C0DBE430053C134 = {
						CreatedOnToolsVersion = 14.0.1;
						TestTargetID = C90A1EAF2C0DBE400053C134;
					};
				};
			};
			buildConfigurationList = C90A1EAB2C0DBE400053C134 /* Build configuration list for PBXProject "CatChallenge" */;
			compatibilityVersion = "Xcode 14.0";
			developmentRegion = en;
			hasScannedForEncodings = 0;
			knownRegions = (
				en,
				Base,
			);
			mainGroup = C90A1EA72C0DBE400053C134;
			productRefGroup = C90A1EB12C0DBE400053C134 /* Products */;
			projectDirPath = "";
			projectRoot = "";
			targets = (
				C90A1EAF2C0DBE400053C134 /* CatChallenge */,
				C90A1EBF2C0DBE420053C134 /* CatChallengeTests */,
				C90A1EC92C0DBE430053C134 /* CatChallengeUITests */,
			);
		};
/* End PBXProject section */

/* Begin PBXResourcesBuildPhase section */
		C90A1EAE2C0DBE400053C134 /* Resources */ = {
			isa = PBXResourcesBuildPhase;
			buildActionMask = 2147483647;
			files = (
				C90A1EBB2C0DBE420053C134 /* Preview Assets.xcassets in Resources */,
				C92A9CE42C0E036800375326 /* Localizable.strings in Resources */,
				C90A1EB82C0DBE420053C134 /* Assets.xcassets in Resources */,
			);
			runOnlyForDeploymentPostprocessing = 0;
		};
		C90A1EBE2C0DBE420053C134 /* Resources */ = {
			isa = PBXResourcesBuildPhase;
			buildActionMask = 2147483647;
			files = (
			);
			runOnlyForDeploymentPostprocessing = 0;
		};
		C90A1EC82C0DBE430053C134 /* Resources */ = {
			isa = PBXResourcesBuildPhase;
			buildActionMask = 2147483647;
			files = (
			);
			runOnlyForDeploymentPostprocessing = 0;
		};
/* End PBXResourcesBuildPhase section */

/* Begin PBXSourcesBuildPhase section */
		C90A1EAC2C0DBE400053C134 /* Sources */ = {
			isa = PBXSourcesBuildPhase;
			buildActionMask = 2147483647;
			files = (
				C94DD2C22C0F2B2300CDABC0 /* FavouriteCatsData.xcdatamodeld in Sources */,
				C94DD2B52C0F1FCD00CDABC0 /* FavouriteCatsList.swift in Sources */,
				C90A1EB62C0DBE400053C134 /* ContentView.swift in Sources */,
				C931A3782C0F6CBB00F1A761 /* FavouriteButton.swift in Sources */,
				C931A37A2C0F71EB00F1A761 /* CatImage.swift in Sources */,
				C94DD2B92C0F29AC00CDABC0 /* DataPersistenceController.swift in Sources */,
				C92A9CD52C0DD08800375326 /* CatsViewModel.swift in Sources */,
				C92A9CDD2C0DD73700375326 /* CatDetailsView.swift in Sources */,
				C90A1EB42C0DBE400053C134 /* CatChallengeApp.swift in Sources */,
				C92A9CD72C0DD35A00375326 /* CatListView.swift in Sources */,
				C92A9CCD2C0DC85200375326 /* NetworkService.swift in Sources */,
				C92A9CE12C0E021E00375326 /* String+Extension.swift in Sources */,
				C92A9CDF2C0E01FB00375326 /* LocalizableKeys.swift in Sources */,
				C92A9CD12C0DCE1300375326 /* CustomError.swift in Sources */,
				C92A9CDB2C0DD6A700375326 /* CatView.swift in Sources */,
				C92A9CCA2C0DC2F000375326 /* Cat.swift in Sources */,
				C92A9CCF2C0DCB3200375326 /* Endpoints.swift in Sources */,
				C92A9CD92C0DD5F200375326 /* Constants.swift in Sources */,
			);
			runOnlyForDeploymentPostprocessing = 0;
		};
		C90A1EBC2C0DBE420053C134 /* Sources */ = {
			isa = PBXSourcesBuildPhase;
			buildActionMask = 2147483647;
			files = (
				C931169D2C10CB22003FC0DD /* JSONMockCatsDecodeError.swift in Sources */,
				C931169B2C10C19D003FC0DD /* JSONMockCats.swift in Sources */,
				C931A37F2C0F7B5400F1A761 /* MockNetworkService.swift in Sources */,
				C93116972C10851C003FC0DD /* CatsViewModelTests.swift in Sources */,
				C93116992C10ADE0003FC0DD /* MockURLProtocol.swift in Sources */,
				C93116932C107B8C003FC0DD /* Mockable.swift in Sources */,
				C931A37C2C0F7A4400F1A761 /* NetworkServiceTests.swift in Sources */,
			);
			runOnlyForDeploymentPostprocessing = 0;
		};
		C90A1EC62C0DBE430053C134 /* Sources */ = {
			isa = PBXSourcesBuildPhase;
			buildActionMask = 2147483647;
			files = (
				C90A1ECF2C0DBE430053C134 /* CatChallengeUITests.swift in Sources */,
				C90A1ED12C0DBE430053C134 /* CatChallengeUITestsLaunchTests.swift in Sources */,
			);
			runOnlyForDeploymentPostprocessing = 0;
		};
/* End PBXSourcesBuildPhase section */

/* Begin PBXTargetDependency section */
		C90A1EC22C0DBE420053C134 /* PBXTargetDependency */ = {
			isa = PBXTargetDependency;
			target = C90A1EAF2C0DBE400053C134 /* CatChallenge */;
			targetProxy = C90A1EC12C0DBE420053C134 /* PBXContainerItemProxy */;
		};
		C90A1ECC2C0DBE430053C134 /* PBXTargetDependency */ = {
			isa = PBXTargetDependency;
			target = C90A1EAF2C0DBE400053C134 /* CatChallenge */;
			targetProxy = C90A1ECB2C0DBE430053C134 /* PBXContainerItemProxy */;
		};
/* End PBXTargetDependency section */

/* Begin PBXVariantGroup section */
		C92A9CE62C0E036800375326 /* Localizable.strings */ = {
			isa = PBXVariantGroup;
			children = (
				C92A9CE52C0E036800375326 /* en */,
			);
			name = Localizable.strings;
			sourceTree = "<group>";
		};
/* End PBXVariantGroup section */

/* Begin XCBuildConfiguration section */
		C90A1ED22C0DBE430053C134 /* Debug */ = {
			isa = XCBuildConfiguration;
			buildSettings = {
				ALWAYS_SEARCH_USER_PATHS = NO;
				CLANG_ANALYZER_NONNULL = YES;
				CLANG_ANALYZER_NUMBER_OBJECT_CONVERSION = YES_AGGRESSIVE;
				CLANG_CXX_LANGUAGE_STANDARD = "gnu++20";
				CLANG_ENABLE_MODULES = YES;
				CLANG_ENABLE_OBJC_ARC = YES;
				CLANG_ENABLE_OBJC_WEAK = YES;
				CLANG_WARN_BLOCK_CAPTURE_AUTORELEASING = YES;
				CLANG_WARN_BOOL_CONVERSION = YES;
				CLANG_WARN_COMMA = YES;
				CLANG_WARN_CONSTANT_CONVERSION = YES;
				CLANG_WARN_DEPRECATED_OBJC_IMPLEMENTATIONS = YES;
				CLANG_WARN_DIRECT_OBJC_ISA_USAGE = YES_ERROR;
				CLANG_WARN_DOCUMENTATION_COMMENTS = YES;
				CLANG_WARN_EMPTY_BODY = YES;
				CLANG_WARN_ENUM_CONVERSION = YES;
				CLANG_WARN_INFINITE_RECURSION = YES;
				CLANG_WARN_INT_CONVERSION = YES;
				CLANG_WARN_NON_LITERAL_NULL_CONVERSION = YES;
				CLANG_WARN_OBJC_IMPLICIT_RETAIN_SELF = YES;
				CLANG_WARN_OBJC_LITERAL_CONVERSION = YES;
				CLANG_WARN_OBJC_ROOT_CLASS = YES_ERROR;
				CLANG_WARN_QUOTED_INCLUDE_IN_FRAMEWORK_HEADER = YES;
				CLANG_WARN_RANGE_LOOP_ANALYSIS = YES;
				CLANG_WARN_STRICT_PROTOTYPES = YES;
				CLANG_WARN_SUSPICIOUS_MOVE = YES;
				CLANG_WARN_UNGUARDED_AVAILABILITY = YES_AGGRESSIVE;
				CLANG_WARN_UNREACHABLE_CODE = YES;
				CLANG_WARN__DUPLICATE_METHOD_MATCH = YES;
				COPY_PHASE_STRIP = NO;
				DEBUG_INFORMATION_FORMAT = dwarf;
				ENABLE_STRICT_OBJC_MSGSEND = YES;
				ENABLE_TESTABILITY = YES;
				GCC_C_LANGUAGE_STANDARD = gnu11;
				GCC_DYNAMIC_NO_PIC = NO;
				GCC_NO_COMMON_BLOCKS = YES;
				GCC_OPTIMIZATION_LEVEL = 0;
				GCC_PREPROCESSOR_DEFINITIONS = (
					"DEBUG=1",
					"$(inherited)",
				);
				GCC_WARN_64_TO_32_BIT_CONVERSION = YES;
				GCC_WARN_ABOUT_RETURN_TYPE = YES_ERROR;
				GCC_WARN_UNDECLARED_SELECTOR = YES;
				GCC_WARN_UNINITIALIZED_AUTOS = YES_AGGRESSIVE;
				GCC_WARN_UNUSED_FUNCTION = YES;
				GCC_WARN_UNUSED_VARIABLE = YES;
				IPHONEOS_DEPLOYMENT_TARGET = 16.0;
				MTL_ENABLE_DEBUG_INFO = INCLUDE_SOURCE;
				MTL_FAST_MATH = YES;
				ONLY_ACTIVE_ARCH = YES;
				SDKROOT = iphoneos;
				SWIFT_ACTIVE_COMPILATION_CONDITIONS = DEBUG;
				SWIFT_OPTIMIZATION_LEVEL = "-Onone";
			};
			name = Debug;
		};
		C90A1ED32C0DBE430053C134 /* Release */ = {
			isa = XCBuildConfiguration;
			buildSettings = {
				ALWAYS_SEARCH_USER_PATHS = NO;
				CLANG_ANALYZER_NONNULL = YES;
				CLANG_ANALYZER_NUMBER_OBJECT_CONVERSION = YES_AGGRESSIVE;
				CLANG_CXX_LANGUAGE_STANDARD = "gnu++20";
				CLANG_ENABLE_MODULES = YES;
				CLANG_ENABLE_OBJC_ARC = YES;
				CLANG_ENABLE_OBJC_WEAK = YES;
				CLANG_WARN_BLOCK_CAPTURE_AUTORELEASING = YES;
				CLANG_WARN_BOOL_CONVERSION = YES;
				CLANG_WARN_COMMA = YES;
				CLANG_WARN_CONSTANT_CONVERSION = YES;
				CLANG_WARN_DEPRECATED_OBJC_IMPLEMENTATIONS = YES;
				CLANG_WARN_DIRECT_OBJC_ISA_USAGE = YES_ERROR;
				CLANG_WARN_DOCUMENTATION_COMMENTS = YES;
				CLANG_WARN_EMPTY_BODY = YES;
				CLANG_WARN_ENUM_CONVERSION = YES;
				CLANG_WARN_INFINITE_RECURSION = YES;
				CLANG_WARN_INT_CONVERSION = YES;
				CLANG_WARN_NON_LITERAL_NULL_CONVERSION = YES;
				CLANG_WARN_OBJC_IMPLICIT_RETAIN_SELF = YES;
				CLANG_WARN_OBJC_LITERAL_CONVERSION = YES;
				CLANG_WARN_OBJC_ROOT_CLASS = YES_ERROR;
				CLANG_WARN_QUOTED_INCLUDE_IN_FRAMEWORK_HEADER = YES;
				CLANG_WARN_RANGE_LOOP_ANALYSIS = YES;
				CLANG_WARN_STRICT_PROTOTYPES = YES;
				CLANG_WARN_SUSPICIOUS_MOVE = YES;
				CLANG_WARN_UNGUARDED_AVAILABILITY = YES_AGGRESSIVE;
				CLANG_WARN_UNREACHABLE_CODE = YES;
				CLANG_WARN__DUPLICATE_METHOD_MATCH = YES;
				COPY_PHASE_STRIP = NO;
				DEBUG_INFORMATION_FORMAT = "dwarf-with-dsym";
				ENABLE_NS_ASSERTIONS = NO;
				ENABLE_STRICT_OBJC_MSGSEND = YES;
				GCC_C_LANGUAGE_STANDARD = gnu11;
				GCC_NO_COMMON_BLOCKS = YES;
				GCC_WARN_64_TO_32_BIT_CONVERSION = YES;
				GCC_WARN_ABOUT_RETURN_TYPE = YES_ERROR;
				GCC_WARN_UNDECLARED_SELECTOR = YES;
				GCC_WARN_UNINITIALIZED_AUTOS = YES_AGGRESSIVE;
				GCC_WARN_UNUSED_FUNCTION = YES;
				GCC_WARN_UNUSED_VARIABLE = YES;
				IPHONEOS_DEPLOYMENT_TARGET = 16.0;
				MTL_ENABLE_DEBUG_INFO = NO;
				MTL_FAST_MATH = YES;
				SDKROOT = iphoneos;
				SWIFT_COMPILATION_MODE = wholemodule;
				SWIFT_OPTIMIZATION_LEVEL = "-O";
				VALIDATE_PRODUCT = YES;
			};
			name = Release;
		};
		C90A1ED52C0DBE430053C134 /* Debug */ = {
			isa = XCBuildConfiguration;
			buildSettings = {
				ASSETCATALOG_COMPILER_APPICON_NAME = AppIcon;
				ASSETCATALOG_COMPILER_GLOBAL_ACCENT_COLOR_NAME = AccentColor;
				CODE_SIGN_STYLE = Automatic;
				CURRENT_PROJECT_VERSION = 1;
				DEVELOPMENT_ASSET_PATHS = "\"CatChallenge/Preview Content\"";
				DEVELOPMENT_TEAM = X4637C63ZD;
				ENABLE_PREVIEWS = YES;
				GENERATE_INFOPLIST_FILE = YES;
				INFOPLIST_KEY_UIApplicationSceneManifest_Generation = YES;
				INFOPLIST_KEY_UIApplicationSupportsIndirectInputEvents = YES;
				INFOPLIST_KEY_UILaunchScreen_Generation = YES;
				INFOPLIST_KEY_UISupportedInterfaceOrientations_iPad = "UIInterfaceOrientationPortrait UIInterfaceOrientationPortraitUpsideDown UIInterfaceOrientationLandscapeLeft UIInterfaceOrientationLandscapeRight";
				INFOPLIST_KEY_UISupportedInterfaceOrientations_iPhone = "UIInterfaceOrientationPortrait UIInterfaceOrientationLandscapeLeft UIInterfaceOrientationLandscapeRight";
				LD_RUNPATH_SEARCH_PATHS = (
					"$(inherited)",
					"@executable_path/Frameworks",
				);
				MARKETING_VERSION = 1.0;
				PRODUCT_BUNDLE_IDENTIFIER = GoncaloSerraAlmeida.CatChallenge;
				PRODUCT_NAME = "$(TARGET_NAME)";
				SWIFT_EMIT_LOC_STRINGS = YES;
				SWIFT_VERSION = 5.0;
				TARGETED_DEVICE_FAMILY = "1,2";
			};
			name = Debug;
		};
		C90A1ED62C0DBE430053C134 /* Release */ = {
			isa = XCBuildConfiguration;
			buildSettings = {
				ASSETCATALOG_COMPILER_APPICON_NAME = AppIcon;
				ASSETCATALOG_COMPILER_GLOBAL_ACCENT_COLOR_NAME = AccentColor;
				CODE_SIGN_STYLE = Automatic;
				CURRENT_PROJECT_VERSION = 1;
				DEVELOPMENT_ASSET_PATHS = "\"CatChallenge/Preview Content\"";
				DEVELOPMENT_TEAM = X4637C63ZD;
				ENABLE_PREVIEWS = YES;
				GENERATE_INFOPLIST_FILE = YES;
				INFOPLIST_KEY_UIApplicationSceneManifest_Generation = YES;
				INFOPLIST_KEY_UIApplicationSupportsIndirectInputEvents = YES;
				INFOPLIST_KEY_UILaunchScreen_Generation = YES;
				INFOPLIST_KEY_UISupportedInterfaceOrientations_iPad = "UIInterfaceOrientationPortrait UIInterfaceOrientationPortraitUpsideDown UIInterfaceOrientationLandscapeLeft UIInterfaceOrientationLandscapeRight";
				INFOPLIST_KEY_UISupportedInterfaceOrientations_iPhone = "UIInterfaceOrientationPortrait UIInterfaceOrientationLandscapeLeft UIInterfaceOrientationLandscapeRight";
				LD_RUNPATH_SEARCH_PATHS = (
					"$(inherited)",
					"@executable_path/Frameworks",
				);
				MARKETING_VERSION = 1.0;
				PRODUCT_BUNDLE_IDENTIFIER = GoncaloSerraAlmeida.CatChallenge;
				PRODUCT_NAME = "$(TARGET_NAME)";
				SWIFT_EMIT_LOC_STRINGS = YES;
				SWIFT_VERSION = 5.0;
				TARGETED_DEVICE_FAMILY = "1,2";
			};
			name = Release;
		};
		C90A1ED82C0DBE430053C134 /* Debug */ = {
			isa = XCBuildConfiguration;
			buildSettings = {
				ALWAYS_EMBED_SWIFT_STANDARD_LIBRARIES = YES;
				BUNDLE_LOADER = "$(TEST_HOST)";
				CODE_SIGN_STYLE = Automatic;
				CURRENT_PROJECT_VERSION = 1;
				DEVELOPMENT_TEAM = X4637C63ZD;
				GENERATE_INFOPLIST_FILE = YES;
				IPHONEOS_DEPLOYMENT_TARGET = 16.0;
				MARKETING_VERSION = 1.0;
				PRODUCT_BUNDLE_IDENTIFIER = GoncaloSerraAlmeida.CatChallengeTests;
				PRODUCT_NAME = "$(TARGET_NAME)";
				SWIFT_EMIT_LOC_STRINGS = NO;
				SWIFT_VERSION = 5.0;
				TARGETED_DEVICE_FAMILY = "1,2";
				TEST_HOST = "$(BUILT_PRODUCTS_DIR)/CatChallenge.app/$(BUNDLE_EXECUTABLE_FOLDER_PATH)/CatChallenge";
			};
			name = Debug;
		};
		C90A1ED92C0DBE430053C134 /* Release */ = {
			isa = XCBuildConfiguration;
			buildSettings = {
				ALWAYS_EMBED_SWIFT_STANDARD_LIBRARIES = YES;
				BUNDLE_LOADER = "$(TEST_HOST)";
				CODE_SIGN_STYLE = Automatic;
				CURRENT_PROJECT_VERSION = 1;
				DEVELOPMENT_TEAM = X4637C63ZD;
				GENERATE_INFOPLIST_FILE = YES;
				IPHONEOS_DEPLOYMENT_TARGET = 16.0;
				MARKETING_VERSION = 1.0;
				PRODUCT_BUNDLE_IDENTIFIER = GoncaloSerraAlmeida.CatChallengeTests;
				PRODUCT_NAME = "$(TARGET_NAME)";
				SWIFT_EMIT_LOC_STRINGS = NO;
				SWIFT_VERSION = 5.0;
				TARGETED_DEVICE_FAMILY = "1,2";
				TEST_HOST = "$(BUILT_PRODUCTS_DIR)/CatChallenge.app/$(BUNDLE_EXECUTABLE_FOLDER_PATH)/CatChallenge";
			};
			name = Release;
		};
		C90A1EDB2C0DBE430053C134 /* Debug */ = {
			isa = XCBuildConfiguration;
			buildSettings = {
				ALWAYS_EMBED_SWIFT_STANDARD_LIBRARIES = YES;
				CODE_SIGN_STYLE = Automatic;
				CURRENT_PROJECT_VERSION = 1;
				DEVELOPMENT_TEAM = X4637C63ZD;
				GENERATE_INFOPLIST_FILE = YES;
				MARKETING_VERSION = 1.0;
				PRODUCT_BUNDLE_IDENTIFIER = GoncaloSerraAlmeida.CatChallengeUITests;
				PRODUCT_NAME = "$(TARGET_NAME)";
				SWIFT_EMIT_LOC_STRINGS = NO;
				SWIFT_VERSION = 5.0;
				TARGETED_DEVICE_FAMILY = "1,2";
				TEST_TARGET_NAME = CatChallenge;
			};
			name = Debug;
		};
		C90A1EDC2C0DBE430053C134 /* Release */ = {
			isa = XCBuildConfiguration;
			buildSettings = {
				ALWAYS_EMBED_SWIFT_STANDARD_LIBRARIES = YES;
				CODE_SIGN_STYLE = Automatic;
				CURRENT_PROJECT_VERSION = 1;
				DEVELOPMENT_TEAM = X4637C63ZD;
				GENERATE_INFOPLIST_FILE = YES;
				MARKETING_VERSION = 1.0;
				PRODUCT_BUNDLE_IDENTIFIER = GoncaloSerraAlmeida.CatChallengeUITests;
				PRODUCT_NAME = "$(TARGET_NAME)";
				SWIFT_EMIT_LOC_STRINGS = NO;
				SWIFT_VERSION = 5.0;
				TARGETED_DEVICE_FAMILY = "1,2";
				TEST_TARGET_NAME = CatChallenge;
			};
			name = Release;
		};
/* End XCBuildConfiguration section */

/* Begin XCConfigurationList section */
		C90A1EAB2C0DBE400053C134 /* Build configuration list for PBXProject "CatChallenge" */ = {
			isa = XCConfigurationList;
			buildConfigurations = (
				C90A1ED22C0DBE430053C134 /* Debug */,
				C90A1ED32C0DBE430053C134 /* Release */,
			);
			defaultConfigurationIsVisible = 0;
			defaultConfigurationName = Release;
		};
		C90A1ED42C0DBE430053C134 /* Build configuration list for PBXNativeTarget "CatChallenge" */ = {
			isa = XCConfigurationList;
			buildConfigurations = (
				C90A1ED52C0DBE430053C134 /* Debug */,
				C90A1ED62C0DBE430053C134 /* Release */,
			);
			defaultConfigurationIsVisible = 0;
			defaultConfigurationName = Release;
		};
		C90A1ED72C0DBE430053C134 /* Build configuration list for PBXNativeTarget "CatChallengeTests" */ = {
			isa = XCConfigurationList;
			buildConfigurations = (
				C90A1ED82C0DBE430053C134 /* Debug */,
				C90A1ED92C0DBE430053C134 /* Release */,
			);
			defaultConfigurationIsVisible = 0;
			defaultConfigurationName = Release;
		};
		C90A1EDA2C0DBE430053C134 /* Build configuration list for PBXNativeTarget "CatChallengeUITests" */ = {
			isa = XCConfigurationList;
			buildConfigurations = (
				C90A1EDB2C0DBE430053C134 /* Debug */,
				C90A1EDC2C0DBE430053C134 /* Release */,
			);
			defaultConfigurationIsVisible = 0;
			defaultConfigurationName = Release;
		};
/* End XCConfigurationList section */

/* Begin XCVersionGroup section */
		C94DD2C02C0F2B2300CDABC0 /* FavouriteCatsData.xcdatamodeld */ = {
			isa = XCVersionGroup;
			children = (
				C94DD2C12C0F2B2300CDABC0 /* FavouriteCatsData.xcdatamodel */,
			);
			currentVersion = C94DD2C12C0F2B2300CDABC0 /* FavouriteCatsData.xcdatamodel */;
			path = FavouriteCatsData.xcdatamodeld;
			sourceTree = "<group>";
			versionGroupType = wrapper.xcdatamodel;
		};
/* End XCVersionGroup section */
	};
	rootObject = C90A1EA82C0DBE400053C134 /* Project object */;
}
